<?xml version="1.0" encoding="UTF-8"?>
<Scheme
   version = "1.3">
   <BuildAction>
      <BuildActionEntries>
         <BuildActionEntry
            buildForRunning = "YES">
            <BuildableReference
               BuildableIdentifier = "primary"
               BlueprintIdentifier = "FCA15B42EA5F473080EE48D9"
               BuildableName = "MultilevelMenu_Leon.app"
               BlueprintName = "MultilevelMenu_Leon"
               ReferencedContainer = "container:MultilevelMenu_Leon.xcodeproj">
            </BuildableReference>
         </BuildActionEntry>
      </BuildActionEntries>
   </BuildAction>
   <LaunchAction
      useCustomWorkingDirectory = "NO"
      buildConfiguration = "Debug">
      <BuildableProductRunnable>
         <BuildableReference
            BuildableIdentifier = "primary"
            BlueprintIdentifier = "FCA15B42EA5F473080EE48D9"
            BuildableName = "MultilevelMenu_Leon.app"
            BlueprintName = "MultilevelMenu_Leon"
            ReferencedContainer = "container:MultilevelMenu_Leon.xcodeproj">
         </BuildableReference>
      </BuildableProductRunnable>
   </LaunchAction>
</Scheme>
