// !$*UTF8*$!
{
	archiveVersion = 1;
	classes = {
	};
	objectVersion = 46;
	objects = {

/* Begin PBXBuildFile section */
		FCA152BA05F7FB7CE0D3E22A /* LaunchScreen.storyboard in Resources */ = {isa = PBXBuildFile; fileRef = FCA15CB86CE7D729BFA39563 /* LaunchScreen.storyboard */; };
		FCA1550097188B9A930F6EB6 /* Province.plist in Resources */ = {isa = PBXBuildFile; fileRef = FCA150EB350D55A83089659E /* Province.plist */; };
		FCA156A097DE237E11D87D99 /* AppDelegate.swift in Sources */ = {isa = PBXBuildFile; fileRef = FCA15C3F7BE912745DA710D5 /* AppDelegate.swift */; };
		FCA15941F5D403C52F8A47D4 /* ViewController.swift in Sources */ = {isa = PBXBuildFile; fileRef = FCA156956E4BB9585F8ABC94 /* ViewController.swift */; };
		FCA15BF96BC04812752CB90F /* Main.storyboard in Resources */ = {isa = PBXBuildFile; fileRef = FCA15AD7C90DB06AC9CC5576 /* Main.storyboard */; };
		FCA15DEF9E2B41D21057262A /* CustomHeaderView.swift in Sources */ = {isa = PBXBuildFile; fileRef = FCA159F249361B7ED458D8C7 /* CustomHeaderView.swift */; };
		FCA15E248935AEE97082AE08 /* Assets.xcassets in Resources */ = {isa = PBXBuildFile; fileRef = FCA15EB8C14F3394C0ABF6F0 /* Assets.xcassets */; };
/* End PBXBuildFile section */

/* Begin PBXFileReference section */
		FCA150EB350D55A83089659E /* Province.plist */ = {isa = PBXFileReference; fileEncoding = 4; lastKnownFileType = text.plist; path = Province.plist; sourceTree = "<group>"; };
		FCA153A078873053A2646713 /* Base */ = {isa = PBXFileReference; lastKnownFileType = file.storyboard; name = Base; path = Base.lproj/Main.storyboard; sourceTree = "<group>"; };
		FCA155324B80923DDDCB033B /* MultilevelMenu_Leon.app */ = {isa = PBXFileReference; explicitFileType = wrapper.application; includeInIndex = 0; path = MultilevelMenu_Leon.app; sourceTree = BUILT_PRODUCTS_DIR; };
		FCA156956E4BB9585F8ABC94 /* ViewController.swift */ = {isa = PBXFileReference; lastKnownFileType = sourcecode.swift; path = ViewController.swift; sourceTree = "<group>"; };
		FCA159F249361B7ED458D8C7 /* CustomHeaderView.swift */ = {isa = PBXFileReference; fileEncoding = 4; lastKnownFileType = sourcecode.swift; path = CustomHeaderView.swift; sourceTree = "<group>"; };
		FCA15C3F7BE912745DA710D5 /* AppDelegate.swift */ = {isa = PBXFileReference; lastKnownFileType = sourcecode.swift; path = AppDelegate.swift; sourceTree = "<group>"; };
		FCA15D435B27840E8FA7F690 /* Base */ = {isa = PBXFileReference; lastKnownFileType = file.storyboard; name = Base; path = Base.lproj/LaunchScreen.storyboard; sourceTree = "<group>"; };
		FCA15EB8C14F3394C0ABF6F0 /* Assets.xcassets */ = {isa = PBXFileReference; lastKnownFileType = folder.assetcatalog; path = Assets.xcassets; sourceTree = "<group>"; };
		FCA15EDC08B7FD3BC9292ADE /* Info.plist */ = {isa = PBXFileReference; lastKnownFileType = text.plist.info; path = Info.plist; sourceTree = "<group>"; };
/* End PBXFileReference section */

/* Begin PBXFrameworksBuildPhase section */
		FCA15BD58EB5FB3FD150000F /* Frameworks */ = {
			isa = PBXFrameworksBuildPhase;
			buildActionMask = 2147483647;
			files = (
			);
			runOnlyForDeploymentPostprocessing = 0;
		};
/* End PBXFrameworksBuildPhase section */

/* Begin PBXGroup section */
		FCA15074BA0A86C86AA967A4 = {
			isa = PBXGroup;
			children = (
				FCA1593A3D945D08647FCB88 /* Products */,
				FCA157D0B99EFC1FCBDB4F95 /* MultilevelMenu_Leon */,
			);
			sourceTree = "<group>";
		};
		FCA157D0B99EFC1FCBDB4F95 /* MultilevelMenu_Leon */ = {
			isa = PBXGroup;
			children = (
				FCA15EDC08B7FD3BC9292ADE /* Info.plist */,
				FCA15EB8C14F3394C0ABF6F0 /* Assets.xcassets */,
				FCA15CB86CE7D729BFA39563 /* LaunchScreen.storyboard */,
				FCA15C3F7BE912745DA710D5 /* AppDelegate.swift */,
				FCA15AD7C90DB06AC9CC5576 /* Main.storyboard */,
				FCA156956E4BB9585F8ABC94 /* ViewController.swift */,
				FCA150EB350D55A83089659E /* Province.plist */,
				FCA159F249361B7ED458D8C7 /* CustomHeaderView.swift */,
			);
			path = MultilevelMenu_Leon;
			sourceTree = "<group>";
		};
		FCA1593A3D945D08647FCB88 /* Products */ = {
			isa = PBXGroup;
			children = (
				FCA155324B80923DDDCB033B /* MultilevelMenu_Leon.app */,
			);
			name = Products;
			sourceTree = "<group>";
		};
/* End PBXGroup section */

/* Begin PBXNativeTarget section */
		FCA15B42EA5F473080EE48D9 /* MultilevelMenu_Leon */ = {
			isa = PBXNativeTarget;
			buildConfigurationList = FCA15DF8437275A696F22A5A /* Build configuration list for PBXNativeTarget "MultilevelMenu_Leon" */;
			buildPhases = (
				FCA15094F05E9E07CE06C83A /* Sources */,
				FCA15BD58EB5FB3FD150000F /* Frameworks */,
				FCA15FC3E1E32699E1722CE3 /* Resources */,
			);
			buildRules = (
			);
			dependencies = (
			);
			name = MultilevelMenu_Leon;
			productName = MultilevelMenu_Leon;
			productReference = FCA155324B80923DDDCB033B /* MultilevelMenu_Leon.app */;
			productType = "com.apple.product-type.application";
		};
/* End PBXNativeTarget section */

/* Begin PBXProject section */
		FCA151F45BF039EFD06D20FB /* Project object */ = {
			isa = PBXProject;
			attributes = {
				ORGANIZATIONNAME = clem;
				TargetAttributes = {
					FCA15B42EA5F473080EE48D9 = {
						DevelopmentTeam = FCKB72E74L;
					};
				};
			};
			buildConfigurationList = FCA15E617C058AFE80D2F4FE /* Build configuration list for PBXProject "MultilevelMenu_Leon" */;
			compatibilityVersion = "Xcode 3.2";
			developmentRegion = English;
			hasScannedForEncodings = 0;
			knownRegions = (
				en,
			);
			mainGroup = FCA15074BA0A86C86AA967A4;
			productRefGroup = FCA1593A3D945D08647FCB88 /* Products */;
			projectDirPath = "";
			projectRoot = "";
			targets = (
				FCA15B42EA5F473080EE48D9 /* MultilevelMenu_Leon */,
			);
		};
/* End PBXProject section */

/* Begin PBXResourcesBuildPhase section */
		FCA15FC3E1E32699E1722CE3 /* Resources */ = {
			isa = PBXResourcesBuildPhase;
			buildActionMask = 2147483647;
			files = (
				FCA15E248935AEE97082AE08 /* Assets.xcassets in Resources */,
				FCA152BA05F7FB7CE0D3E22A /* LaunchScreen.storyboard in Resources */,
				FCA15BF96BC04812752CB90F /* Main.storyboard in Resources */,
				FCA1550097188B9A930F6EB6 /* Province.plist in Resources */,
			);
			runOnlyForDeploymentPostprocessing = 0;
		};
/* End PBXResourcesBuildPhase section */

/* Begin PBXSourcesBuildPhase section */
		FCA15094F05E9E07CE06C83A /* Sources */ = {
			isa = PBXSourcesBuildPhase;
			buildActionMask = 2147483647;
			files = (
				FCA156A097DE237E11D87D99 /* AppDelegate.swift in Sources */,
				FCA15941F5D403C52F8A47D4 /* ViewController.swift in Sources */,
				FCA15DEF9E2B41D21057262A /* CustomHeaderView.swift in Sources */,
			);
			runOnlyForDeploymentPostprocessing = 0;
		};
/* End PBXSourcesBuildPhase section */

/* Begin PBXVariantGroup section */
		FCA15AD7C90DB06AC9CC5576 /* Main.storyboard */ = {
			isa = PBXVariantGroup;
			children = (
				FCA153A078873053A2646713 /* Base */,
			);
			name = Main.storyboard;
			sourceTree = "<group>";
		};
		FCA15CB86CE7D729BFA39563 /* LaunchScreen.storyboard */ = {
			isa = PBXVariantGroup;
			children = (
				FCA15D435B27840E8FA7F690 /* Base */,
			);
			name = LaunchScreen.storyboard;
			sourceTree = "<group>";
		};
/* End PBXVariantGroup section */

/* Begin XCBuildConfiguration section */
		FCA152E46E0ECC8386241F22 /* Debug */ = {
			isa = XCBuildConfiguration;
			buildSettings = {
				ASSETCATALOG_COMPILER_APPICON_NAME = AppIcon;
				DEVELOPMENT_TEAM = FCKB72E74L;
				INFOPLIST_FILE = MultilevelMenu_Leon/Info.plist;
				LD_RUNPATH_SEARCH_PATHS = "$(inherited) @executable_path/Frameworks";
				PRODUCT_BUNDLE_IDENTIFIER = "com.clem.www.MultilevelMenu-Leon";
				PRODUCT_NAME = "$(TARGET_NAME)";
				SWIFT_VERSION = 4.0;
				TARGETED_DEVICE_FAMILY = "1,2";
			};
			name = Debug;
		};
		FCA1534930C44293B9E45067 /* Release */ = {
			isa = XCBuildConfiguration;
			buildSettings = {
				ALWAYS_SEARCH_USER_PATHS = NO;
				CLANG_ANALYZER_NONNULL = YES;
				CLANG_ANALYZER_NUMBER_OBJECT_CONVERSION = YES_AGGRESSIVE;
				CLANG_CXX_LANGUAGE_STANDARD = "gnu++14";
				CLANG_CXX_LIBRARY = "libc++";
				CLANG_ENABLE_MODULES = YES;
				CLANG_ENABLE_OBJC_ARC = YES;
				CLANG_WARN_BLOCK_CAPTURE_AUTORELEASING = YES;
				CLANG_WARN_BOOL_CONVERSION = YES;
				CLANG_WARN_COMMA = YES;
				CLANG_WARN_CONSTANT_CONVERSION = YES;
				CLANG_WARN_DIRECT_OBJC_ISA_USAGE = YES_ERROR;
				CLANG_WARN_DOCUMENTATION_COMMENTS = YES;
				CLANG_WARN_EMPTY_BODY = YES;
				CLANG_WARN_ENUM_CONVERSION = YES;
				CLANG_WARN_INFINITE_RECURSION = YES;
				CLANG_WARN_INT_CONVERSION = YES;
				CLANG_WARN_NON_LITERAL_NULL_CONVERSION = YES;
				CLANG_WARN_OBJC_LITERAL_CONVERSION = YES;
				CLANG_WARN_OBJC_ROOT_CLASS = YES_ERROR;
				CLANG_WARN_RANGE_LOOP_ANALYSIS = YES;
				CLANG_WARN_STRICT_PROTOTYPES = YES;
				CLANG_WARN_SUSPICIOUS_MOVE = YES;
				CLANG_WARN_UNGUARDED_AVAILABILITY = YES_AGGRESSIVE;
				CLANG_WARN_UNREACHABLE_CODE = YES;
				CLANG_WARN__DUPLICATE_METHOD_MATCH = YES;
				CODE_SIGN_IDENTITY = "iPhone Developer";
				COPY_PHASE_STRIP = NO;
				DEBUG_INFORMATION_FORMAT = "dwarf-with-dsym";
				ENABLE_NS_ASSERTIONS = NO;
				ENABLE_STRICT_OBJC_MSGSEND = YES;
				GCC_C_LANGUAGE_STANDARD = gnu11;
				GCC_NO_COMMON_BLOCKS = YES;
				GCC_WARN_64_TO_32_BIT_CONVERSION = YES;
				GCC_WARN_ABOUT_RETURN_TYPE = YES_ERROR;
				GCC_WARN_UNDECLARED_SELECTOR = YES;
				GCC_WARN_UNINITIALIZED_AUTOS = YES_AGGRESSIVE;
				GCC_WARN_UNUSED_FUNCTION = YES;
				GCC_WARN_UNUSED_VARIABLE = YES;
				IPHONEOS_DEPLOYMENT_TARGET = 11.2;
				MTL_ENABLE_DEBUG_INFO = NO;
				SDKROOT = iphoneos;
				SWIFT_OPTIMIZATION_LEVEL = "-Owholemodule";
				VALIDATE_PRODUCT = YES;
			};
			name = Release;
		};
		FCA157B6AA55EF28D73BE0CE /* Debug */ = {
			isa = XCBuildConfiguration;
			buildSettings = {
				ALWAYS_SEARCH_USER_PATHS = NO;
				CLANG_ANALYZER_NONNULL = YES;
				CLANG_ANALYZER_NUMBER_OBJECT_CONVERSION = YES_AGGRESSIVE;
				CLANG_CXX_LANGUAGE_STANDARD = "gnu++14";
				CLANG_CXX_LIBRARY = "libc++";
				CLANG_ENABLE_MODULES = YES;
				CLANG_ENABLE_OBJC_ARC = YES;
				CLANG_WARN_BLOCK_CAPTURE_AUTORELEASING = YES;
				CLANG_WARN_BOOL_CONVERSION = YES;
				CLANG_WARN_COMMA = YES;
				CLANG_WARN_CONSTANT_CONVERSION = YES;
				CLANG_WARN_DIRECT_OBJC_ISA_USAGE = YES_ERROR;
				CLANG_WARN_DOCUMENTATION_COMMENTS = YES;
				CLANG_WARN_EMPTY_BODY = YES;
				CLANG_WARN_ENUM_CONVERSION = YES;
				CLANG_WARN_INFINITE_RECURSION = YES;
				CLANG_WARN_INT_CONVERSION = YES;
				CLANG_WARN_NON_LITERAL_NULL_CONVERSION = YES;
				CLANG_WARN_OBJC_LITERAL_CONVERSION = YES;
				CLANG_WARN_OBJC_ROOT_CLASS = YES_ERROR;
				CLANG_WARN_RANGE_LOOP_ANALYSIS = YES;
				CLANG_WARN_STRICT_PROTOTYPES = YES;
				CLANG_WARN_SUSPICIOUS_MOVE = YES;
				CLANG_WARN_UNGUARDED_AVAILABILITY = YES_AGGRESSIVE;
				CLANG_WARN_UNREACHABLE_CODE = YES;
				CLANG_WARN__DUPLICATE_METHOD_MATCH = YES;
				CODE_SIGN_IDENTITY = "iPhone Developer";
				COPY_PHASE_STRIP = NO;
				DEBUG_INFORMATION_FORMAT = dwarf;
				ENABLE_STRICT_OBJC_MSGSEND = YES;
				ENABLE_TESTABILITY = YES;
				GCC_C_LANGUAGE_STANDARD = gnu11;
				GCC_DYNAMIC_NO_PIC = NO;
				GCC_NO_COMMON_BLOCKS = YES;
				GCC_OPTIMIZATION_LEVEL = 0;
				GCC_PREPROCESSOR_DEFINITIONS = (
					"DEBUG=1",
					"$(inherited)",
				);
				GCC_WARN_64_TO_32_BIT_CONVERSION = YES;
				GCC_WARN_ABOUT_RETURN_TYPE = YES_ERROR;
				GCC_WARN_UNDECLARED_SELECTOR = YES;
				GCC_WARN_UNINITIALIZED_AUTOS = YES_AGGRESSIVE;
				GCC_WARN_UNUSED_FUNCTION = YES;
				GCC_WARN_UNUSED_VARIABLE = YES;
				IPHONEOS_DEPLOYMENT_TARGET = 11.2;
				MTL_ENABLE_DEBUG_INFO = YES;
				ONLY_ACTIVE_ARCH = YES;
				SDKROOT = iphoneos;
				SWIFT_ACTIVE_COMPILATION_CONDITIONS = DEBUG;
				SWIFT_OPTIMIZATION_LEVEL = "-Onone";
			};
			name = Debug;
		};
		FCA15DCD7F0715696E65E4BE /* Release */ = {
			isa = XCBuildConfiguration;
			buildSettings = {
				ASSETCATALOG_COMPILER_APPICON_NAME = AppIcon;
				DEVELOPMENT_TEAM = FCKB72E74L;
				INFOPLIST_FILE = MultilevelMenu_Leon/Info.plist;
				LD_RUNPATH_SEARCH_PATHS = "$(inherited) @executable_path/Frameworks";
				PRODUCT_BUNDLE_IDENTIFIER = "com.clem.www.MultilevelMenu-Leon";
				PRODUCT_NAME = "$(TARGET_NAME)";
				SWIFT_VERSION = 4.0;
				TARGETED_DEVICE_FAMILY = "1,2";
			};
			name = Release;
		};
/* End XCBuildConfiguration section */

/* Begin XCConfigurationList section */
		FCA15DF8437275A696F22A5A /* Build configuration list for PBXNativeTarget "MultilevelMenu_Leon" */ = {
			isa = XCConfigurationList;
			buildConfigurations = (
				FCA152E46E0ECC8386241F22 /* Debug */,
				FCA15DCD7F0715696E65E4BE /* Release */,
			);
			defaultConfigurationIsVisible = 0;
			defaultConfigurationName = Release;
		};
		FCA15E617C058AFE80D2F4FE /* Build configuration list for PBXProject "MultilevelMenu_Leon" */ = {
			isa = XCConfigurationList;
			buildConfigurations = (
				FCA157B6AA55EF28D73BE0CE /* Debug */,
				FCA1534930C44293B9E45067 /* Release */,
			);
			defaultConfigurationIsVisible = 0;
			defaultConfigurationName = Release;
		};
/* End XCConfigurationList section */
	};
	rootObject = FCA151F45BF039EFD06D20FB /* Project object */;
}
